
Microsoft Visual Studio Solution File, Format Version 12.00
# Visual Studio Version 17
VisualStudioVersion = 17.0.32014.148
MinimumVisualStudioVersion = 10.0.40219.1
Project("{FAE04EC0-301F-11D3-BF4B-00C04F79EFBC}") = "UsbipdGuiDemo", "UsbipdGuiDemo\UsbipdGuiDemo.csproj", "{30B7A0DD-16BD-4E51-9112-C9D172AC4ADF}"
EndProject
Global
	GlobalSection(SolutionConfigurationPlatforms) = preSolution
		Debug|Any CPU = Debug|Any CPU
		Release|Any CPU = Release|Any CPU
	EndGlobalSection
	GlobalSection(ProjectConfigurationPlatforms) = postSolution
		{30B7A0DD-16BD-4E51-9112-C9D172AC4ADF}.Debug|Any CPU.ActiveCfg = Debug|Any CPU
		{30B7A0DD-16BD-4E51-9112-C9D172AC4ADF}.Debug|Any CPU.Build.0 = Debug|Any CPU
		{30B7A0DD-16BD-4E51-9112-C9D172AC4ADF}.Release|Any CPU.ActiveCfg = Release|Any CPU
		{30B7A0DD-16BD-4E51-9112-C9D172AC4ADF}.Release|Any CPU.Build.0 = Release|Any CPU
	EndGlobalSection
	GlobalSection(SolutionProperties) = preSolution
		HideSolutionNode = FALSE
	EndGlobalSection
	GlobalSection(ExtensibilityGlobals) = postSolution
		SolutionGuid = {BDE56632-6CC7-4C9E-B38A-364C75BCE2AA}
	EndGlobalSection
EndGlobal
